{
  "meteor": {
    "git": "https://github.com/meteor/meteor.git",
    "branch": "master",
    "commit": "f07715dc70de16a7aab84e56ab0c6cbd9c1f9dc6"
  },
  "dependencies": {
    "basePackages": {
      "rimumarkup": {}
    },
    "packages": {
      "rimumarkup": {
        "git": "https://github.com/srackham/rimu.git",
        "tag": "v0.8.2",
        "commit": "a0d049fe8f770329a869efff7c17c481144b41ba"
      }
    }
  }
}
